// !$*UTF8*$!
{
	archiveVersion = 1;
	classes = {
	};
	objectVersion = 55;
	objects = {

/* Begin PBXBuildFile section */
		BE336331279CCA2A00906AF0 /* CustomTextField.swift in Sources */ = {isa = PBXBuildFile; fileRef = BE336330279CCA2A00906AF0 /* CustomTextField.swift */; };
		BEA9D990279F0E1400803747 /* DBManager.swift in Sources */ = {isa = PBXBuildFile; fileRef = BEA9D98F279F0E1400803747 /* DBManager.swift */; };
		BEA9D992279F0FC700803747 /* UserModel.swift in Sources */ = {isa = PBXBuildFile; fileRef = BEA9D991279F0FC700803747 /* UserModel.swift */; };
		BEA9D994279F107F00803747 /* DBCommon.swift in Sources */ = {isa = PBXBuildFile; fileRef = BEA9D993279F107F00803747 /* DBCommon.swift */; };
		BEABDE1A278E0E99008697D0 /* AppDelegate.swift in Sources */ = {isa = PBXBuildFile; fileRef = BEABDE19278E0E99008697D0 /* AppDelegate.swift */; };
		BEABDE1C278E0E99008697D0 /* SceneDelegate.swift in Sources */ = {isa = PBXBuildFile; fileRef = BEABDE1B278E0E99008697D0 /* SceneDelegate.swift */; };
		BEABDE1E278E0E99008697D0 /* LoginViewController.swift in Sources */ = {isa = PBXBuildFile; fileRef = BEABDE1D278E0E99008697D0 /* LoginViewController.swift */; };
		BEABDE21278E0E99008697D0 /* Main.storyboard in Resources */ = {isa = PBXBuildFile; fileRef = BEABDE1F278E0E99008697D0 /* Main.storyboard */; };
		BEABDE24278E0E99008697D0 /* workoutTracker.xcdatamodeld in Sources */ = {isa = PBXBuildFile; fileRef = BEABDE22278E0E99008697D0 /* workoutTracker.xcdatamodeld */; };
		BEABDE29278E0E9B008697D0 /* LaunchScreen.storyboard in Resources */ = {isa = PBXBuildFile; fileRef = BEABDE27278E0E9B008697D0 /* LaunchScreen.storyboard */; };
		BEABDE34278E0E9B008697D0 /* workoutTrackerTests.swift in Sources */ = {isa = PBXBuildFile; fileRef = BEABDE33278E0E9B008697D0 /* workoutTrackerTests.swift */; };
		BEABDE3E278E0E9B008697D0 /* workoutTrackerUITests.swift in Sources */ = {isa = PBXBuildFile; fileRef = BEABDE3D278E0E9B008697D0 /* workoutTrackerUITests.swift */; };
		BEABDE40278E0E9B008697D0 /* workoutTrackerUITestsLaunchTests.swift in Sources */ = {isa = PBXBuildFile; fileRef = BEABDE3F278E0E9B008697D0 /* workoutTrackerUITestsLaunchTests.swift */; };
		BEAC2C0E27A1D5DA00360EA8 /* Asset.xcassets in Resources */ = {isa = PBXBuildFile; fileRef = BEAC2C0D27A1D5DA00360EA8 /* Asset.xcassets */; };
		BEAC2C1027A1E7AA00360EA8 /* AppColors.swift in Sources */ = {isa = PBXBuildFile; fileRef = BEAC2C0F27A1E7AA00360EA8 /* AppColors.swift */; };
		BEAC2C1227A1F0A200360EA8 /* AppStaticValues.swift in Sources */ = {isa = PBXBuildFile; fileRef = BEAC2C1127A1F0A200360EA8 /* AppStaticValues.swift */; };
		BEAC2C1427A1F33900360EA8 /* AppCustomFonts.swift in Sources */ = {isa = PBXBuildFile; fileRef = BEAC2C1327A1F33900360EA8 /* AppCustomFonts.swift */; };
		BEAC2C1727A20A0800360EA8 /* Blunt.ttf in Resources */ = {isa = PBXBuildFile; fileRef = BEAC2C1627A20A0800360EA8 /* Blunt.ttf */; };
		BEAC2C1D27A213DD00360EA8 /* ProfileViewController.swift in Sources */ = {isa = PBXBuildFile; fileRef = BEAC2C1C27A213DD00360EA8 /* ProfileViewController.swift */; };
/* End PBXBuildFile section */

/* Begin PBXContainerItemProxy section */
		BEABDE30278E0E9B008697D0 /* PBXContainerItemProxy */ = {
			isa = PBXContainerItemProxy;
			containerPortal = BEABDE0E278E0E99008697D0 /* Project object */;
			proxyType = 1;
			remoteGlobalIDString = BEABDE15278E0E99008697D0;
			remoteInfo = workoutTracker;
		};
		BEABDE3A278E0E9B008697D0 /* PBXContainerItemProxy */ = {
			isa = PBXContainerItemProxy;
			containerPortal = BEABDE0E278E0E99008697D0 /* Project object */;
			proxyType = 1;
			remoteGlobalIDString = BEABDE15278E0E99008697D0;
			remoteInfo = workoutTracker;
		};
/* End PBXContainerItemProxy section */

/* Begin PBXFileReference section */
		BE336330279CCA2A00906AF0 /* CustomTextField.swift */ = {isa = PBXFileReference; lastKnownFileType = sourcecode.swift; path = CustomTextField.swift; sourceTree = "<group>"; };
		BEA9D98F279F0E1400803747 /* DBManager.swift */ = {isa = PBXFileReference; lastKnownFileType = sourcecode.swift; path = DBManager.swift; sourceTree = "<group>"; };
		BEA9D991279F0FC700803747 /* UserModel.swift */ = {isa = PBXFileReference; lastKnownFileType = sourcecode.swift; path = UserModel.swift; sourceTree = "<group>"; };
		BEA9D993279F107F00803747 /* DBCommon.swift */ = {isa = PBXFileReference; lastKnownFileType = sourcecode.swift; path = DBCommon.swift; sourceTree = "<group>"; };
		BEABDE16278E0E99008697D0 /* workoutTracker.app */ = {isa = PBXFileReference; explicitFileType = wrapper.application; includeInIndex = 0; path = workoutTracker.app; sourceTree = BUILT_PRODUCTS_DIR; };
		BEABDE19278E0E99008697D0 /* AppDelegate.swift */ = {isa = PBXFileReference; lastKnownFileType = sourcecode.swift; path = AppDelegate.swift; sourceTree = "<group>"; };
		BEABDE1B278E0E99008697D0 /* SceneDelegate.swift */ = {isa = PBXFileReference; lastKnownFileType = sourcecode.swift; path = SceneDelegate.swift; sourceTree = "<group>"; };
		BEABDE1D278E0E99008697D0 /* LoginViewController.swift */ = {isa = PBXFileReference; lastKnownFileType = sourcecode.swift; path = LoginViewController.swift; sourceTree = "<group>"; };
		BEABDE20278E0E99008697D0 /* Base */ = {isa = PBXFileReference; lastKnownFileType = file.storyboard; name = Base; path = Base.lproj/Main.storyboard; sourceTree = "<group>"; };
		BEABDE23278E0E99008697D0 /* workoutTracker.xcdatamodel */ = {isa = PBXFileReference; lastKnownFileType = wrapper.xcdatamodel; path = workoutTracker.xcdatamodel; sourceTree = "<group>"; };
		BEABDE28278E0E9B008697D0 /* Base */ = {isa = PBXFileReference; lastKnownFileType = file.storyboard; name = Base; path = Base.lproj/LaunchScreen.storyboard; sourceTree = "<group>"; };
		BEABDE2A278E0E9B008697D0 /* Info.plist */ = {isa = PBXFileReference; lastKnownFileType = text.plist.xml; path = Info.plist; sourceTree = "<group>"; };
		BEABDE2F278E0E9B008697D0 /* workoutTrackerTests.xctest */ = {isa = PBXFileReference; explicitFileType = wrapper.cfbundle; includeInIndex = 0; path = workoutTrackerTests.xctest; sourceTree = BUILT_PRODUCTS_DIR; };
		BEABDE33278E0E9B008697D0 /* workoutTrackerTests.swift */ = {isa = PBXFileReference; lastKnownFileType = sourcecode.swift; path = workoutTrackerTests.swift; sourceTree = "<group>"; };
		BEABDE39278E0E9B008697D0 /* workoutTrackerUITests.xctest */ = {isa = PBXFileReference; explicitFileType = wrapper.cfbundle; includeInIndex = 0; path = workoutTrackerUITests.xctest; sourceTree = BUILT_PRODUCTS_DIR; };
		BEABDE3D278E0E9B008697D0 /* workoutTrackerUITests.swift */ = {isa = PBXFileReference; lastKnownFileType = sourcecode.swift; path = workoutTrackerUITests.swift; sourceTree = "<group>"; };
		BEABDE3F278E0E9B008697D0 /* workoutTrackerUITestsLaunchTests.swift */ = {isa = PBXFileReference; lastKnownFileType = sourcecode.swift; path = workoutTrackerUITestsLaunchTests.swift; sourceTree = "<group>"; };
		BEAC2C0D27A1D5DA00360EA8 /* Asset.xcassets */ = {isa = PBXFileReference; lastKnownFileType = folder.assetcatalog; path = Asset.xcassets; sourceTree = "<group>"; };
		BEAC2C0F27A1E7AA00360EA8 /* AppColors.swift */ = {isa = PBXFileReference; lastKnownFileType = sourcecode.swift; path = AppColors.swift; sourceTree = "<group>"; };
		BEAC2C1127A1F0A200360EA8 /* AppStaticValues.swift */ = {isa = PBXFileReference; lastKnownFileType = sourcecode.swift; path = AppStaticValues.swift; sourceTree = "<group>"; };
		BEAC2C1327A1F33900360EA8 /* AppCustomFonts.swift */ = {isa = PBXFileReference; lastKnownFileType = sourcecode.swift; path = AppCustomFonts.swift; sourceTree = "<group>"; };
		BEAC2C1627A20A0800360EA8 /* Blunt.ttf */ = {isa = PBXFileReference; lastKnownFileType = file; path = Blunt.ttf; sourceTree = "<group>"; };
		BEAC2C1C27A213DD00360EA8 /* ProfileViewController.swift */ = {isa = PBXFileReference; lastKnownFileType = sourcecode.swift; path = ProfileViewController.swift; sourceTree = "<group>"; };
/* End PBXFileReference section */

/* Begin PBXFrameworksBuildPhase section */
		BEABDE13278E0E99008697D0 /* Frameworks */ = {
			isa = PBXFrameworksBuildPhase;
			buildActionMask = 2147483647;
			files = (
			);
			runOnlyForDeploymentPostprocessing = 0;
		};
		BEABDE2C278E0E9B008697D0 /* Frameworks */ = {
			isa = PBXFrameworksBuildPhase;
			buildActionMask = 2147483647;
			files = (
			);
			runOnlyForDeploymentPostprocessing = 0;
		};
		BEABDE36278E0E9B008697D0 /* Frameworks */ = {
			isa = PBXFrameworksBuildPhase;
			buildActionMask = 2147483647;
			files = (
			);
			runOnlyForDeploymentPostprocessing = 0;
		};
/* End PBXFrameworksBuildPhase section */

/* Begin PBXGroup section */
		BEABDE0D278E0E99008697D0 = {
			isa = PBXGroup;
			children = (
				BEABDE18278E0E99008697D0 /* workoutTracker */,
				BEAC2C1527A20A0800360EA8 /* Blunt */,
				BEABDE32278E0E9B008697D0 /* workoutTrackerTests */,
				BEABDE3C278E0E9B008697D0 /* workoutTrackerUITests */,
				BEABDE17278E0E99008697D0 /* Products */,
			);
			sourceTree = "<group>";
		};
		BEABDE17278E0E99008697D0 /* Products */ = {
			isa = PBXGroup;
			children = (
				BEABDE16278E0E99008697D0 /* workoutTracker.app */,
				BEABDE2F278E0E9B008697D0 /* workoutTrackerTests.xctest */,
				BEABDE39278E0E9B008697D0 /* workoutTrackerUITests.xctest */,
			);
			name = Products;
			sourceTree = "<group>";
		};
		BEABDE18278E0E99008697D0 /* workoutTracker */ = {
			isa = PBXGroup;
			children = (
				BEAC2C1927A2137500360EA8 /* Profile */,
				BEAC2C1827A2115100360EA8 /* Login */,
				BEABDE19278E0E99008697D0 /* AppDelegate.swift */,
				BEABDE1B278E0E99008697D0 /* SceneDelegate.swift */,
				BEAC2C1127A1F0A200360EA8 /* AppStaticValues.swift */,
				BEA9D98F279F0E1400803747 /* DBManager.swift */,
				BEA9D993279F107F00803747 /* DBCommon.swift */,
				BE336330279CCA2A00906AF0 /* CustomTextField.swift */,
				BEAC2C0D27A1D5DA00360EA8 /* Asset.xcassets */,
				BEABDE1F278E0E99008697D0 /* Main.storyboard */,
				BEABDE27278E0E9B008697D0 /* LaunchScreen.storyboard */,
				BEABDE2A278E0E9B008697D0 /* Info.plist */,
				BEABDE22278E0E99008697D0 /* workoutTracker.xcdatamodeld */,
				BEA9D991279F0FC700803747 /* UserModel.swift */,
				BEAC2C0F27A1E7AA00360EA8 /* AppColors.swift */,
				BEAC2C1327A1F33900360EA8 /* AppCustomFonts.swift */,
			);
			path = workoutTracker;
			sourceTree = "<group>";
		};
		BEABDE32278E0E9B008697D0 /* workoutTrackerTests */ = {
			isa = PBXGroup;
			children = (
				BEABDE33278E0E9B008697D0 /* workoutTrackerTests.swift */,
			);
			path = workoutTrackerTests;
			sourceTree = "<group>";
		};
		BEABDE3C278E0E9B008697D0 /* workoutTrackerUITests */ = {
			isa = PBXGroup;
			children = (
				BEABDE3D278E0E9B008697D0 /* workoutTrackerUITests.swift */,
				BEABDE3F278E0E9B008697D0 /* workoutTrackerUITestsLaunchTests.swift */,
			);
			path = workoutTrackerUITests;
			sourceTree = "<group>";
		};
		BEAC2C1527A20A0800360EA8 /* Blunt */ = {
			isa = PBXGroup;
			children = (
				BEAC2C1627A20A0800360EA8 /* Blunt.ttf */,
			);
			name = Blunt;
			path = workoutTracker/Blunt;
			sourceTree = "<group>";
		};
		BEAC2C1827A2115100360EA8 /* Login */ = {
			isa = PBXGroup;
			children = (
				BEABDE1D278E0E99008697D0 /* LoginViewController.swift */,
			);
			path = Login;
			sourceTree = "<group>";
		};
		BEAC2C1927A2137500360EA8 /* Profile */ = {
			isa = PBXGroup;
			children = (
				BEAC2C1C27A213DD00360EA8 /* ProfileViewController.swift */,
			);
			path = Profile;
			sourceTree = "<group>";
		};
/* End PBXGroup section */

/* Begin PBXNativeTarget section */
		BEABDE15278E0E99008697D0 /* workoutTracker */ = {
			isa = PBXNativeTarget;
			buildConfigurationList = BEABDE43278E0E9B008697D0 /* Build configuration list for PBXNativeTarget "workoutTracker" */;
			buildPhases = (
				BEABDE12278E0E99008697D0 /* Sources */,
				BEABDE13278E0E99008697D0 /* Frameworks */,
				BEABDE14278E0E99008697D0 /* Resources */,
			);
			buildRules = (
			);
			dependencies = (
			);
			name = workoutTracker;
			productName = workoutTracker;
			productReference = BEABDE16278E0E99008697D0 /* workoutTracker.app */;
			productType = "com.apple.product-type.application";
		};
		BEABDE2E278E0E9B008697D0 /* workoutTrackerTests */ = {
			isa = PBXNativeTarget;
			buildConfigurationList = BEABDE46278E0E9B008697D0 /* Build configuration list for PBXNativeTarget "workoutTrackerTests" */;
			buildPhases = (
				BEABDE2B278E0E9B008697D0 /* Sources */,
				BEABDE2C278E0E9B008697D0 /* Frameworks */,
				BEABDE2D278E0E9B008697D0 /* Resources */,
			);
			buildRules = (
			);
			dependencies = (
				BEABDE31278E0E9B008697D0 /* PBXTargetDependency */,
			);
			name = workoutTrackerTests;
			productName = workoutTrackerTests;
			productReference = BEABDE2F278E0E9B008697D0 /* workoutTrackerTests.xctest */;
			productType = "com.apple.product-type.bundle.unit-test";
		};
		BEABDE38278E0E9B008697D0 /* workoutTrackerUITests */ = {
			isa = PBXNativeTarget;
			buildConfigurationList = BEABDE49278E0E9B008697D0 /* Build configuration list for PBXNativeTarget "workoutTrackerUITests" */;
			buildPhases = (
				BEABDE35278E0E9B008697D0 /* Sources */,
				BEABDE36278E0E9B008697D0 /* Frameworks */,
				BEABDE37278E0E9B008697D0 /* Resources */,
			);
			buildRules = (
			);
			dependencies = (
				BEABDE3B278E0E9B008697D0 /* PBXTargetDependency */,
			);
			name = workoutTrackerUITests;
			productName = workoutTrackerUITests;
			productReference = BEABDE39278E0E9B008697D0 /* workoutTrackerUITests.xctest */;
			productType = "com.apple.product-type.bundle.ui-testing";
		};
/* End PBXNativeTarget section */

/* Begin PBXProject section */
		BEABDE0E278E0E99008697D0 /* Project object */ = {
			isa = PBXProject;
			attributes = {
				BuildIndependentTargetsInParallel = 1;
				LastSwiftUpdateCheck = 1300;
				LastUpgradeCheck = 1300;
				TargetAttributes = {
					BEABDE15278E0E99008697D0 = {
						CreatedOnToolsVersion = 13.0;
					};
					BEABDE2E278E0E9B008697D0 = {
						CreatedOnToolsVersion = 13.0;
						TestTargetID = BEABDE15278E0E99008697D0;
					};
					BEABDE38278E0E9B008697D0 = {
						CreatedOnToolsVersion = 13.0;
						TestTargetID = BEABDE15278E0E99008697D0;
					};
				};
			};
			buildConfigurationList = BEABDE11278E0E99008697D0 /* Build configuration list for PBXProject "workoutTracker" */;
			compatibilityVersion = "Xcode 13.0";
			developmentRegion = en;
			hasScannedForEncodings = 0;
			knownRegions = (
				en,
				Base,
			);
			mainGroup = BEABDE0D278E0E99008697D0;
			productRefGroup = BEABDE17278E0E99008697D0 /* Products */;
			projectDirPath = "";
			projectRoot = "";
			targets = (
				BEABDE15278E0E99008697D0 /* workoutTracker */,
				BEABDE2E278E0E9B008697D0 /* workoutTrackerTests */,
				BEABDE38278E0E9B008697D0 /* workoutTrackerUITests */,
			);
		};
/* End PBXProject section */

/* Begin PBXResourcesBuildPhase section */
		BEABDE14278E0E99008697D0 /* Resources */ = {
			isa = PBXResourcesBuildPhase;
			buildActionMask = 2147483647;
			files = (
				BEABDE29278E0E9B008697D0 /* LaunchScreen.storyboard in Resources */,
				BEAC2C1727A20A0800360EA8 /* Blunt.ttf in Resources */,
				BEAC2C0E27A1D5DA00360EA8 /* Asset.xcassets in Resources */,
				BEABDE21278E0E99008697D0 /* Main.storyboard in Resources */,
			);
			runOnlyForDeploymentPostprocessing = 0;
		};
		BEABDE2D278E0E9B008697D0 /* Resources */ = {
			isa = PBXResourcesBuildPhase;
			buildActionMask = 2147483647;
			files = (
			);
			runOnlyForDeploymentPostprocessing = 0;
		};
		BEABDE37278E0E9B008697D0 /* Resources */ = {
			isa = PBXResourcesBuildPhase;
			buildActionMask = 2147483647;
			files = (
			);
			runOnlyForDeploymentPostprocessing = 0;
		};
/* End PBXResourcesBuildPhase section */

/* Begin PBXSourcesBuildPhase section */
		BEABDE12278E0E99008697D0 /* Sources */ = {
			isa = PBXSourcesBuildPhase;
			buildActionMask = 2147483647;
			files = (
				BEAC2C1027A1E7AA00360EA8 /* AppColors.swift in Sources */,
				BEA9D994279F107F00803747 /* DBCommon.swift in Sources */,
				BEABDE1E278E0E99008697D0 /* LoginViewController.swift in Sources */,
				BEA9D992279F0FC700803747 /* UserModel.swift in Sources */,
				BEA9D990279F0E1400803747 /* DBManager.swift in Sources */,
				BEAC2C1427A1F33900360EA8 /* AppCustomFonts.swift in Sources */,
				BEAC2C1D27A213DD00360EA8 /* ProfileViewController.swift in Sources */,
				BEABDE1A278E0E99008697D0 /* AppDelegate.swift in Sources */,
				BEABDE24278E0E99008697D0 /* workoutTracker.xcdatamodeld in Sources */,
				BEAC2C1227A1F0A200360EA8 /* AppStaticValues.swift in Sources */,
				BEABDE1C278E0E99008697D0 /* SceneDelegate.swift in Sources */,
				BE336331279CCA2A00906AF0 /* CustomTextField.swift in Sources */,
			);
			runOnlyForDeploymentPostprocessing = 0;
		};
		BEABDE2B278E0E9B008697D0 /* Sources */ = {
			isa = PBXSourcesBuildPhase;
			buildActionMask = 2147483647;
			files = (
				BEABDE34278E0E9B008697D0 /* workoutTrackerTests.swift in Sources */,
			);
			runOnlyForDeploymentPostprocessing = 0;
		};
		BEABDE35278E0E9B008697D0 /* Sources */ = {
			isa = PBXSourcesBuildPhase;
			buildActionMask = 2147483647;
			files = (
				BEABDE3E278E0E9B008697D0 /* workoutTrackerUITests.swift in Sources */,
				BEABDE40278E0E9B008697D0 /* workoutTrackerUITestsLaunchTests.swift in Sources */,
			);
			runOnlyForDeploymentPostprocessing = 0;
		};
/* End PBXSourcesBuildPhase section */

/* Begin PBXTargetDependency section */
		BEABDE31278E0E9B008697D0 /* PBXTargetDependency */ = {
			isa = PBXTargetDependency;
			target = BEABDE15278E0E99008697D0 /* workoutTracker */;
			targetProxy = BEABDE30278E0E9B008697D0 /* PBXContainerItemProxy */;
		};
		BEABDE3B278E0E9B008697D0 /* PBXTargetDependency */ = {
			isa = PBXTargetDependency;
			target = BEABDE15278E0E99008697D0 /* workoutTracker */;
			targetProxy = BEABDE3A278E0E9B008697D0 /* PBXContainerItemProxy */;
		};
/* End PBXTargetDependency section */

/* Begin PBXVariantGroup section */
		BEABDE1F278E0E99008697D0 /* Main.storyboard */ = {
			isa = PBXVariantGroup;
			children = (
				BEABDE20278E0E99008697D0 /* Base */,
			);
			name = Main.storyboard;
			sourceTree = "<group>";
		};
		BEABDE27278E0E9B008697D0 /* LaunchScreen.storyboard */ = {
			isa = PBXVariantGroup;
			children = (
				BEABDE28278E0E9B008697D0 /* Base */,
			);
			name = LaunchScreen.storyboard;
			sourceTree = "<group>";
		};
/* End PBXVariantGroup section */

/* Begin XCBuildConfiguration section */
		BEABDE41278E0E9B008697D0 /* Debug */ = {
			isa = XCBuildConfiguration;
			buildSettings = {
				ALWAYS_SEARCH_USER_PATHS = NO;
				CLANG_ANALYZER_NONNULL = YES;
				CLANG_ANALYZER_NUMBER_OBJECT_CONVERSION = YES_AGGRESSIVE;
				CLANG_CXX_LANGUAGE_STANDARD = "gnu++17";
				CLANG_CXX_LIBRARY = "libc++";
				CLANG_ENABLE_MODULES = YES;
				CLANG_ENABLE_OBJC_ARC = YES;
				CLANG_ENABLE_OBJC_WEAK = YES;
				CLANG_WARN_BLOCK_CAPTURE_AUTORELEASING = YES;
				CLANG_WARN_BOOL_CONVERSION = YES;
				CLANG_WARN_COMMA = YES;
				CLANG_WARN_CONSTANT_CONVERSION = YES;
				CLANG_WARN_DEPRECATED_OBJC_IMPLEMENTATIONS = YES;
				CLANG_WARN_DIRECT_OBJC_ISA_USAGE = YES_ERROR;
				CLANG_WARN_DOCUMENTATION_COMMENTS = YES;
				CLANG_WARN_EMPTY_BODY = YES;
				CLANG_WARN_ENUM_CONVERSION = YES;
				CLANG_WARN_INFINITE_RECURSION = YES;
				CLANG_WARN_INT_CONVERSION = YES;
				CLANG_WARN_NON_LITERAL_NULL_CONVERSION = YES;
				CLANG_WARN_OBJC_IMPLICIT_RETAIN_SELF = YES;
				CLANG_WARN_OBJC_LITERAL_CONVERSION = YES;
				CLANG_WARN_OBJC_ROOT_CLASS = YES_ERROR;
				CLANG_WARN_QUOTED_INCLUDE_IN_FRAMEWORK_HEADER = YES;
				CLANG_WARN_RANGE_LOOP_ANALYSIS = YES;
				CLANG_WARN_STRICT_PROTOTYPES = YES;
				CLANG_WARN_SUSPICIOUS_MOVE = YES;
				CLANG_WARN_UNGUARDED_AVAILABILITY = YES_AGGRESSIVE;
				CLANG_WARN_UNREACHABLE_CODE = YES;
				CLANG_WARN__DUPLICATE_METHOD_MATCH = YES;
				COPY_PHASE_STRIP = NO;
				DEBUG_INFORMATION_FORMAT = dwarf;
				ENABLE_STRICT_OBJC_MSGSEND = YES;
				ENABLE_TESTABILITY = YES;
				GCC_C_LANGUAGE_STANDARD = gnu11;
				GCC_DYNAMIC_NO_PIC = NO;
				GCC_NO_COMMON_BLOCKS = YES;
				GCC_OPTIMIZATION_LEVEL = 0;
				GCC_PREPROCESSOR_DEFINITIONS = (
					"DEBUG=1",
					"$(inherited)",
				);
				GCC_WARN_64_TO_32_BIT_CONVERSION = YES;
				GCC_WARN_ABOUT_RETURN_TYPE = YES_ERROR;
				GCC_WARN_UNDECLARED_SELECTOR = YES;
				GCC_WARN_UNINITIALIZED_AUTOS = YES_AGGRESSIVE;
				GCC_WARN_UNUSED_FUNCTION = YES;
				GCC_WARN_UNUSED_VARIABLE = YES;
				IPHONEOS_DEPLOYMENT_TARGET = 15.0;
				MTL_ENABLE_DEBUG_INFO = INCLUDE_SOURCE;
				MTL_FAST_MATH = YES;
				ONLY_ACTIVE_ARCH = YES;
				SDKROOT = iphoneos;
				SWIFT_ACTIVE_COMPILATION_CONDITIONS = DEBUG;
				SWIFT_OPTIMIZATION_LEVEL = "-Onone";
			};
			name = Debug;
		};
		BEABDE42278E0E9B008697D0 /* Release */ = {
			isa = XCBuildConfiguration;
			buildSettings = {
				ALWAYS_SEARCH_USER_PATHS = NO;
				CLANG_ANALYZER_NONNULL = YES;
				CLANG_ANALYZER_NUMBER_OBJECT_CONVERSION = YES_AGGRESSIVE;
				CLANG_CXX_LANGUAGE_STANDARD = "gnu++17";
				CLANG_CXX_LIBRARY = "libc++";
				CLANG_ENABLE_MODULES = YES;
				CLANG_ENABLE_OBJC_ARC = YES;
				CLANG_ENABLE_OBJC_WEAK = YES;
				CLANG_WARN_BLOCK_CAPTURE_AUTORELEASING = YES;
				CLANG_WARN_BOOL_CONVERSION = YES;
				CLANG_WARN_COMMA = YES;
				CLANG_WARN_CONSTANT_CONVERSION = YES;
				CLANG_WARN_DEPRECATED_OBJC_IMPLEMENTATIONS = YES;
				CLANG_WARN_DIRECT_OBJC_ISA_USAGE = YES_ERROR;
				CLANG_WARN_DOCUMENTATION_COMMENTS = YES;
				CLANG_WARN_EMPTY_BODY = YES;
				CLANG_WARN_ENUM_CONVERSION = YES;
				CLANG_WARN_INFINITE_RECURSION = YES;
				CLANG_WARN_INT_CONVERSION = YES;
				CLANG_WARN_NON_LITERAL_NULL_CONVERSION = YES;
				CLANG_WARN_OBJC_IMPLICIT_RETAIN_SELF = YES;
				CLANG_WARN_OBJC_LITERAL_CONVERSION = YES;
				CLANG_WARN_OBJC_ROOT_CLASS = YES_ERROR;
				CLANG_WARN_QUOTED_INCLUDE_IN_FRAMEWORK_HEADER = YES;
				CLANG_WARN_RANGE_LOOP_ANALYSIS = YES;
				CLANG_WARN_STRICT_PROTOTYPES = YES;
				CLANG_WARN_SUSPICIOUS_MOVE = YES;
				CLANG_WARN_UNGUARDED_AVAILABILITY = YES_AGGRESSIVE;
				CLANG_WARN_UNREACHABLE_CODE = YES;
				CLANG_WARN__DUPLICATE_METHOD_MATCH = YES;
				COPY_PHASE_STRIP = NO;
				DEBUG_INFORMATION_FORMAT = "dwarf-with-dsym";
				ENABLE_NS_ASSERTIONS = NO;
				ENABLE_STRICT_OBJC_MSGSEND = YES;
				GCC_C_LANGUAGE_STANDARD = gnu11;
				GCC_NO_COMMON_BLOCKS = YES;
				GCC_WARN_64_TO_32_BIT_CONVERSION = YES;
				GCC_WARN_ABOUT_RETURN_TYPE = YES_ERROR;
				GCC_WARN_UNDECLARED_SELECTOR = YES;
				GCC_WARN_UNINITIALIZED_AUTOS = YES_AGGRESSIVE;
				GCC_WARN_UNUSED_FUNCTION = YES;
				GCC_WARN_UNUSED_VARIABLE = YES;
				IPHONEOS_DEPLOYMENT_TARGET = 15.0;
				MTL_ENABLE_DEBUG_INFO = NO;
				MTL_FAST_MATH = YES;
				SDKROOT = iphoneos;
				SWIFT_COMPILATION_MODE = wholemodule;
				SWIFT_OPTIMIZATION_LEVEL = "-O";
				VALIDATE_PRODUCT = YES;
			};
			name = Release;
		};
		BEABDE44278E0E9B008697D0 /* Debug */ = {
			isa = XCBuildConfiguration;
			buildSettings = {
				ASSETCATALOG_COMPILER_APPICON_NAME = AppIcon;
				ASSETCATALOG_COMPILER_GLOBAL_ACCENT_COLOR_NAME = AccentColor;
				CODE_SIGN_STYLE = Automatic;
				CURRENT_PROJECT_VERSION = 1;
				DEVELOPMENT_TEAM = X5Y38ZS34S;
				GENERATE_INFOPLIST_FILE = YES;
				INFOPLIST_FILE = workoutTracker/Info.plist;
				INFOPLIST_KEY_UIApplicationSupportsIndirectInputEvents = YES;
				INFOPLIST_KEY_UILaunchStoryboardName = LaunchScreen;
				INFOPLIST_KEY_UIMainStoryboardFile = Main;
				INFOPLIST_KEY_UISupportedInterfaceOrientations_iPad = "UIInterfaceOrientationPortrait UIInterfaceOrientationPortraitUpsideDown UIInterfaceOrientationLandscapeLeft UIInterfaceOrientationLandscapeRight";
				INFOPLIST_KEY_UISupportedInterfaceOrientations_iPhone = "UIInterfaceOrientationPortrait UIInterfaceOrientationLandscapeLeft UIInterfaceOrientationLandscapeRight";
				LD_RUNPATH_SEARCH_PATHS = (
					"$(inherited)",
					"@executable_path/Frameworks",
				);
				MARKETING_VERSION = 1.0;
				PRODUCT_BUNDLE_IDENTIFIER = com.gym.tracker.workoutTracker;
				PRODUCT_NAME = "$(TARGET_NAME)";
				SWIFT_EMIT_LOC_STRINGS = YES;
				SWIFT_VERSION = 5.0;
				TARGETED_DEVICE_FAMILY = "1,2";
			};
			name = Debug;
		};
		BEABDE45278E0E9B008697D0 /* Release */ = {
			isa = XCBuildConfiguration;
			buildSettings = {
				ASSETCATALOG_COMPILER_APPICON_NAME = AppIcon;
				ASSETCATALOG_COMPILER_GLOBAL_ACCENT_COLOR_NAME = AccentColor;
				CODE_SIGN_STYLE = Automatic;
				CURRENT_PROJECT_VERSION = 1;
				DEVELOPMENT_TEAM = X5Y38ZS34S;
				GENERATE_INFOPLIST_FILE = YES;
				INFOPLIST_FILE = workoutTracker/Info.plist;
				INFOPLIST_KEY_UIApplicationSupportsIndirectInputEvents = YES;
				INFOPLIST_KEY_UILaunchStoryboardName = LaunchScreen;
				INFOPLIST_KEY_UIMainStoryboardFile = Main;
				INFOPLIST_KEY_UISupportedInterfaceOrientations_iPad = "UIInterfaceOrientationPortrait UIInterfaceOrientationPortraitUpsideDown UIInterfaceOrientationLandscapeLeft UIInterfaceOrientationLandscapeRight";
				INFOPLIST_KEY_UISupportedInterfaceOrientations_iPhone = "UIInterfaceOrientationPortrait UIInterfaceOrientationLandscapeLeft UIInterfaceOrientationLandscapeRight";
				LD_RUNPATH_SEARCH_PATHS = (
					"$(inherited)",
					"@executable_path/Frameworks",
				);
				MARKETING_VERSION = 1.0;
				PRODUCT_BUNDLE_IDENTIFIER = com.gym.tracker.workoutTracker;
				PRODUCT_NAME = "$(TARGET_NAME)";
				SWIFT_EMIT_LOC_STRINGS = YES;
				SWIFT_VERSION = 5.0;
				TARGETED_DEVICE_FAMILY = "1,2";
			};
			name = Release;
		};
		BEABDE47278E0E9B008697D0 /* Debug */ = {
			isa = XCBuildConfiguration;
			buildSettings = {
				ALWAYS_EMBED_SWIFT_STANDARD_LIBRARIES = YES;
				BUNDLE_LOADER = "$(TEST_HOST)";
				CODE_SIGN_STYLE = Automatic;
				CURRENT_PROJECT_VERSION = 1;
				DEVELOPMENT_TEAM = X5Y38ZS34S;
				GENERATE_INFOPLIST_FILE = YES;
				IPHONEOS_DEPLOYMENT_TARGET = 15.0;
				LD_RUNPATH_SEARCH_PATHS = (
					"$(inherited)",
					"@executable_path/Frameworks",
					"@loader_path/Frameworks",
				);
				MARKETING_VERSION = 1.0;
				PRODUCT_BUNDLE_IDENTIFIER = com.gym.tracker.workoutTrackerTests;
				PRODUCT_NAME = "$(TARGET_NAME)";
				SWIFT_EMIT_LOC_STRINGS = NO;
				SWIFT_VERSION = 5.0;
				TARGETED_DEVICE_FAMILY = "1,2";
				TEST_HOST = "$(BUILT_PRODUCTS_DIR)/workoutTracker.app/workoutTracker";
			};
			name = Debug;
		};
		BEABDE48278E0E9B008697D0 /* Release */ = {
			isa = XCBuildConfiguration;
			buildSettings = {
				ALWAYS_EMBED_SWIFT_STANDARD_LIBRARIES = YES;
				BUNDLE_LOADER = "$(TEST_HOST)";
				CODE_SIGN_STYLE = Automatic;
				CURRENT_PROJECT_VERSION = 1;
				DEVELOPMENT_TEAM = X5Y38ZS34S;
				GENERATE_INFOPLIST_FILE = YES;
				IPHONEOS_DEPLOYMENT_TARGET = 15.0;
				LD_RUNPATH_SEARCH_PATHS = (
					"$(inherited)",
					"@executable_path/Frameworks",
					"@loader_path/Frameworks",
				);
				MARKETING_VERSION = 1.0;
				PRODUCT_BUNDLE_IDENTIFIER = com.gym.tracker.workoutTrackerTests;
				PRODUCT_NAME = "$(TARGET_NAME)";
				SWIFT_EMIT_LOC_STRINGS = NO;
				SWIFT_VERSION = 5.0;
				TARGETED_DEVICE_FAMILY = "1,2";
				TEST_HOST = "$(BUILT_PRODUCTS_DIR)/workoutTracker.app/workoutTracker";
			};
			name = Release;
		};
		BEABDE4A278E0E9B008697D0 /* Debug */ = {
			isa = XCBuildConfiguration;
			buildSettings = {
				ALWAYS_EMBED_SWIFT_STANDARD_LIBRARIES = YES;
				CODE_SIGN_STYLE = Automatic;
				CURRENT_PROJECT_VERSION = 1;
				DEVELOPMENT_TEAM = X5Y38ZS34S;
				GENERATE_INFOPLIST_FILE = YES;
				LD_RUNPATH_SEARCH_PATHS = (
					"$(inherited)",
					"@executable_path/Frameworks",
					"@loader_path/Frameworks",
				);
				MARKETING_VERSION = 1.0;
				PRODUCT_BUNDLE_IDENTIFIER = com.gym.tracker.workoutTrackerUITests;
				PRODUCT_NAME = "$(TARGET_NAME)";
				SWIFT_EMIT_LOC_STRINGS = NO;
				SWIFT_VERSION = 5.0;
				TARGETED_DEVICE_FAMILY = "1,2";
				TEST_TARGET_NAME = workoutTracker;
			};
			name = Debug;
		};
		BEABDE4B278E0E9B008697D0 /* Release */ = {
			isa = XCBuildConfiguration;
			buildSettings = {
				ALWAYS_EMBED_SWIFT_STANDARD_LIBRARIES = YES;
				CODE_SIGN_STYLE = Automatic;
				CURRENT_PROJECT_VERSION = 1;
				DEVELOPMENT_TEAM = X5Y38ZS34S;
				GENERATE_INFOPLIST_FILE = YES;
				LD_RUNPATH_SEARCH_PATHS = (
					"$(inherited)",
					"@executable_path/Frameworks",
					"@loader_path/Frameworks",
				);
				MARKETING_VERSION = 1.0;
				PRODUCT_BUNDLE_IDENTIFIER = com.gym.tracker.workoutTrackerUITests;
				PRODUCT_NAME = "$(TARGET_NAME)";
				SWIFT_EMIT_LOC_STRINGS = NO;
				SWIFT_VERSION = 5.0;
				TARGETED_DEVICE_FAMILY = "1,2";
				TEST_TARGET_NAME = workoutTracker;
			};
			name = Release;
		};
/* End XCBuildConfiguration section */

/* Begin XCConfigurationList section */
		BEABDE11278E0E99008697D0 /* Build configuration list for PBXProject "workoutTracker" */ = {
			isa = XCConfigurationList;
			buildConfigurations = (
				BEABDE41278E0E9B008697D0 /* Debug */,
				BEABDE42278E0E9B008697D0 /* Release */,
			);
			defaultConfigurationIsVisible = 0;
			defaultConfigurationName = Release;
		};
		BEABDE43278E0E9B008697D0 /* Build configuration list for PBXNativeTarget "workoutTracker" */ = {
			isa = XCConfigurationList;
			buildConfigurations = (
				BEABDE44278E0E9B008697D0 /* Debug */,
				BEABDE45278E0E9B008697D0 /* Release */,
			);
			defaultConfigurationIsVisible = 0;
			defaultConfigurationName = Release;
		};
		BEABDE46278E0E9B008697D0 /* Build configuration list for PBXNativeTarget "workoutTrackerTests" */ = {
			isa = XCConfigurationList;
			buildConfigurations = (
				BEABDE47278E0E9B008697D0 /* Debug */,
				BEABDE48278E0E9B008697D0 /* Release */,
			);
			defaultConfigurationIsVisible = 0;
			defaultConfigurationName = Release;
		};
		BEABDE49278E0E9B008697D0 /* Build configuration list for PBXNativeTarget "workoutTrackerUITests" */ = {
			isa = XCConfigurationList;
			buildConfigurations = (
				BEABDE4A278E0E9B008697D0 /* Debug */,
				BEABDE4B278E0E9B008697D0 /* Release */,
			);
			defaultConfigurationIsVisible = 0;
			defaultConfigurationName = Release;
		};
/* End XCConfigurationList section */

/* Begin XCVersionGroup section */
		BEABDE22278E0E99008697D0 /* workoutTracker.xcdatamodeld */ = {
			isa = XCVersionGroup;
			children = (
				BEABDE23278E0E99008697D0 /* workoutTracker.xcdatamodel */,
			);
			currentVersion = BEABDE23278E0E99008697D0 /* workoutTracker.xcdatamodel */;
			path = workoutTracker.xcdatamodeld;
			sourceTree = "<group>";
			versionGroupType = wrapper.xcdatamodel;
		};
/* End XCVersionGroup section */
	};
	rootObject = BEABDE0E278E0E99008697D0 /* Project object */;
}
